
Microsoft Visual Studio Solution File, Format Version 12.00
# Visual Studio 15
Project("{FAE04EC0-301F-11D3-BF4B-00C04F79EFBC}") = "PlayFab", "PlayFab.csproj", "{CEA92A09-B69B-DF0C-CC05-FCB8F0D5F9A1}"
EndProject
Project("{FAE04EC0-301F-11D3-BF4B-00C04F79EFBC}") = "Assembly-CSharp", "Assembly-CSharp.csproj", "{28023A6B-334C-EEDB-C937-E6CCCBD89C31}"
EndProject
Project("{FAE04EC0-301F-11D3-BF4B-00C04F79EFBC}") = "PlayFabEditorExtensions", "PlayFabEditorExtensions.csproj", "{40C97C77-3536-D58F-8137-2B7695CA1947}"
EndProject
Project("{FAE04EC0-301F-11D3-BF4B-00C04F79EFBC}") = "PlayFabSDKEditor", "PlayFabSDKEditor.csproj", "{9116C1B3-614E-A087-8AA8-D25BAB5F54BB}"
EndProject
Global
	GlobalSection(SolutionConfigurationPlatforms) = preSolution
		Debug|Any CPU = Debug|Any CPU
		Release|Any CPU = Release|Any CPU
	EndGlobalSection
	GlobalSection(ProjectConfigurationPlatforms) = postSolution
		{CEA92A09-B69B-DF0C-CC05-FCB8F0D5F9A1}.Debug|Any CPU.ActiveCfg = Debug|Any CPU
		{CEA92A09-B69B-DF0C-CC05-FCB8F0D5F9A1}.Debug|Any CPU.Build.0 = Debug|Any CPU
		{CEA92A09-B69B-DF0C-CC05-FCB8F0D5F9A1}.Release|Any CPU.ActiveCfg = Release|Any CPU
		{CEA92A09-B69B-DF0C-CC05-FCB8F0D5F9A1}.Release|Any CPU.Build.0 = Release|Any CPU
		{28023A6B-334C-EEDB-C937-E6CCCBD89C31}.Debug|Any CPU.ActiveCfg = Debug|Any CPU
		{28023A6B-334C-EEDB-C937-E6CCCBD89C31}.Debug|Any CPU.Build.0 = Debug|Any CPU
		{28023A6B-334C-EEDB-C937-E6CCCBD89C31}.Release|Any CPU.ActiveCfg = Release|Any CPU
		{28023A6B-334C-EEDB-C937-E6CCCBD89C31}.Release|Any CPU.Build.0 = Release|Any CPU
		{40C97C77-3536-D58F-8137-2B7695CA1947}.Debug|Any CPU.ActiveCfg = Debug|Any CPU
		{40C97C77-3536-D58F-8137-2B7695CA1947}.Debug|Any CPU.Build.0 = Debug|Any CPU
		{40C97C77-3536-D58F-8137-2B7695CA1947}.Release|Any CPU.ActiveCfg = Release|Any CPU
		{40C97C77-3536-D58F-8137-2B7695CA1947}.Release|Any CPU.Build.0 = Release|Any CPU
		{9116C1B3-614E-A087-8AA8-D25BAB5F54BB}.Debug|Any CPU.ActiveCfg = Debug|Any CPU
		{9116C1B3-614E-A087-8AA8-D25BAB5F54BB}.Debug|Any CPU.Build.0 = Debug|Any CPU
		{9116C1B3-614E-A087-8AA8-D25BAB5F54BB}.Release|Any CPU.ActiveCfg = Release|Any CPU
		{9116C1B3-614E-A087-8AA8-D25BAB5F54BB}.Release|Any CPU.Build.0 = Release|Any CPU
	EndGlobalSection
	GlobalSection(SolutionProperties) = preSolution
		HideSolutionNode = FALSE
	EndGlobalSection
EndGlobal
